# This file is automatically @generated by Poetry 1.4.2 and should not be changed by hand.

[[package]]
name = "beautifulsoup4"
version = "4.12.3"
description = "Screen-scraping library"
category = "main"
optional = false
python-versions = ">=3.6.0"
files = [
    {file = "beautifulsoup4-4.12.3-py3-none-any.whl", hash = "sha256:b80878c9f40111313e55da8ba20bdba06d8fa3969fc68304167741bbf9e082ed"},
    {file = "beautifulsoup4-4.12.3.tar.gz", hash = "sha256:74e3d1928edc070d21748185c46e3fb33490f22f52a3addee9aee0f4f7781051"},
]

[package.dependencies]
soupsieve = ">1.2"

[package.extras]
cchardet = ["cchardet"]
chardet = ["chardet"]
charset-normalizer = ["charset-normalizer"]
html5lib = ["html5lib"]
lxml = ["lxml"]

[[package]]
name = "bs4"
version = "0.0.1"
description = "Dummy package for Beautiful Soup"
category = "main"
optional = false
python-versions = "*"
files = [
    {file = "bs4-0.0.1.tar.gz", hash = "sha256:36ecea1fd7cc5c0c6e4a1ff075df26d50da647b75376626cc186e2212886dd3a"},
]

[package.dependencies]
beautifulsoup4 = "*"

[[package]]
name = "click"
version = "8.1.7"
description = "Composable command line interface toolkit"
category = "main"
optional = false
python-versions = ">=3.7"
files = [
    {file = "click-8.1.7-py3-none-any.whl", hash = "sha256:ae74fb96c20a0277a1d615f1e4d73c8414f5a98db8b799a7931d1582f3390c28"},
    {file = "click-8.1.7.tar.gz", hash = "sha256:ca9853ad459e787e2192211578cc907e7594e294c7ccc834310722b41b9ca6de"},
]

[package.dependencies]
colorama = {version = "*", markers = "platform_system == \"Windows\""}

[[package]]
name = "colorama"
version = "0.4.6"
description = "Cross-platform colored terminal text."
category = "main"
optional = false
python-versions = "!=3.0.*,!=3.1.*,!=3.2.*,!=3.3.*,!=3.4.*,!=3.5.*,!=3.6.*,>=2.7"
files = [
    {file = "colorama-0.4.6-py2.py3-none-any.whl", hash = "sha256:4f1d9991f5acc0ca119f9d443620b77f9d6b33703e51011c16baf57afb285fc6"},
    {file = "colorama-0.4.6.tar.gz", hash = "sha256:08695f5cb7ed6e0531a20572697297273c47b8cae5a63ffc6d6ed5c201be6e44"},
]

[[package]]
name = "feedparser"
version = "6.0.8"
description = "Universal feed parser, handles RSS 0.9x, RSS 1.0, RSS 2.0, CDF, Atom 0.3, and Atom 1.0 feeds"
category = "main"
optional = false
python-versions = ">=3.6"
files = [
    {file = "feedparser-6.0.8-py3-none-any.whl", hash = "sha256:1b7f57841d9cf85074deb316ed2c795091a238adb79846bc46dccdaf80f9c59a"},
    {file = "feedparser-6.0.8.tar.gz", hash = "sha256:5ce0410a05ab248c8c7cfca3a0ea2203968ee9ff4486067379af4827a59f9661"},
]

[package.dependencies]
sgmllib3k = "*"

[[package]]
name = "flask"
version = "2.0.2"
description = "A simple framework for building complex web applications."
category = "main"
optional = false
python-versions = ">=3.6"
files = [
    {file = "Flask-2.0.2-py3-none-any.whl", hash = "sha256:cb90f62f1d8e4dc4621f52106613488b5ba826b2e1e10a33eac92f723093ab6a"},
    {file = "Flask-2.0.2.tar.gz", hash = "sha256:7b2fb8e934ddd50731893bdcdb00fc8c0315916f9fcd50d22c7cc1a95ab634e2"},
]

[package.dependencies]
click = ">=7.1.2"
itsdangerous = ">=2.0"
Jinja2 = ">=3.0"
Werkzeug = ">=2.0"

[package.extras]
async = ["asgiref (>=3.2)"]
dotenv = ["python-dotenv"]

[[package]]
name = "greenlet"
version = "3.0.3"
description = "Lightweight in-process concurrent programming"
category = "main"
optional = false
python-versions = ">=3.7"
files = [
    {file = "greenlet-3.0.3-cp310-cp310-macosx_11_0_universal2.whl", hash = "sha256:9da2bd29ed9e4f15955dd1595ad7bc9320308a3b766ef7f837e23ad4b4aac31a"},
    {file = "greenlet-3.0.3-cp310-cp310-manylinux_2_17_aarch64.manylinux2014_aarch64.whl", hash = "sha256:d353cadd6083fdb056bb46ed07e4340b0869c305c8ca54ef9da3421acbdf6881"},
    {file = "greenlet-3.0.3-cp310-cp310-manylinux_2_17_ppc64le.manylinux2014_ppc64le.whl", hash = "sha256:dca1e2f3ca00b84a396bc1bce13dd21f680f035314d2379c4160c98153b2059b"},
    {file = "greenlet-3.0.3-cp310-cp310-manylinux_2_17_s390x.manylinux2014_s390x.whl", hash = "sha256:3ed7fb269f15dc662787f4119ec300ad0702fa1b19d2135a37c2c4de6fadfd4a"},
    {file = "greenlet-3.0.3-cp310-cp310-manylinux_2_17_x86_64.manylinux2014_x86_64.whl", hash = "sha256:dd4f49ae60e10adbc94b45c0b5e6a179acc1736cf7a90160b404076ee283cf83"},
    {file = "greenlet-3.0.3-cp310-cp310-manylinux_2_24_x86_64.manylinux_2_28_x86_64.whl", hash = "sha256:73a411ef564e0e097dbe7e866bb2dda0f027e072b04da387282b02c308807405"},
    {file = "greenlet-3.0.3-cp310-cp310-musllinux_1_1_aarch64.whl", hash = "sha256:7f362975f2d179f9e26928c5b517524e89dd48530a0202570d55ad6ca5d8a56f"},
    {file = "greenlet-3.0.3-cp310-cp310-musllinux_1_1_x86_64.whl", hash = "sha256:649dde7de1a5eceb258f9cb00bdf50e978c9db1b996964cd80703614c86495eb"},
    {file = "greenlet-3.0.3-cp310-cp310-win_amd64.whl", hash = "sha256:68834da854554926fbedd38c76e60c4a2e3198c6fbed520b106a8986445caaf9"},
    {file = "greenlet-3.0.3-cp311-cp311-macosx_11_0_universal2.whl", hash = "sha256:b1b5667cced97081bf57b8fa1d6bfca67814b0afd38208d52538316e9422fc61"},
    {file = "greenlet-3.0.3-cp311-cp311-manylinux_2_17_aarch64.manylinux2014_aarch64.whl", hash = "sha256:52f59dd9c96ad2fc0d5724107444f76eb20aaccb675bf825df6435acb7703559"},
    {file = "greenlet-3.0.3-cp311-cp311-manylinux_2_17_ppc64le.manylinux2014_ppc64le.whl", hash = "sha256:afaff6cf5200befd5cec055b07d1c0a5a06c040fe5ad148abcd11ba6ab9b114e"},
    {file = "greenlet-3.0.3-cp311-cp311-manylinux_2_17_s390x.manylinux2014_s390x.whl", hash = "sha256:fe754d231288e1e64323cfad462fcee8f0288654c10bdf4f603a39ed923bef33"},
    {file = "greenlet-3.0.3-cp311-cp311-manylinux_2_17_x86_64.manylinux2014_x86_64.whl", hash = "sha256:2797aa5aedac23af156bbb5a6aa2cd3427ada2972c828244eb7d1b9255846379"},
    {file = "greenlet-3.0.3-cp311-cp311-manylinux_2_24_x86_64.manylinux_2_28_x86_64.whl", hash = "sha256:b7f009caad047246ed379e1c4dbcb8b020f0a390667ea74d2387be2998f58a22"},
    {file = "greenlet-3.0.3-cp311-cp311-musllinux_1_1_aarch64.whl", hash = "sha256:c5e1536de2aad7bf62e27baf79225d0d64360d4168cf2e6becb91baf1ed074f3"},
    {file = "greenlet-3.0.3-cp311-cp311-musllinux_1_1_x86_64.whl", hash = "sha256:894393ce10ceac937e56ec00bb71c4c2f8209ad516e96033e4b3b1de270e200d"},
    {file = "greenlet-3.0.3-cp311-cp311-win_amd64.whl", hash = "sha256:1ea188d4f49089fc6fb283845ab18a2518d279c7cd9da1065d7a84e991748728"},
    {file = "greenlet-3.0.3-cp312-cp312-macosx_11_0_universal2.whl", hash = "sha256:70fb482fdf2c707765ab5f0b6655e9cfcf3780d8d87355a063547b41177599be"},
    {file = "greenlet-3.0.3-cp312-cp312-manylinux_2_17_aarch64.manylinux2014_aarch64.whl", hash = "sha256:d4d1ac74f5c0c0524e4a24335350edad7e5f03b9532da7ea4d3c54d527784f2e"},
    {file = "greenlet-3.0.3-cp312-cp312-manylinux_2_17_ppc64le.manylinux2014_ppc64le.whl", hash = "sha256:149e94a2dd82d19838fe4b2259f1b6b9957d5ba1b25640d2380bea9c5df37676"},
    {file = "greenlet-3.0.3-cp312-cp312-manylinux_2_17_s390x.manylinux2014_s390x.whl", hash = "sha256:15d79dd26056573940fcb8c7413d84118086f2ec1a8acdfa854631084393efcc"},
    {file = "greenlet-3.0.3-cp312-cp312-manylinux_2_17_x86_64.manylinux2014_x86_64.whl", hash = "sha256:881b7db1ebff4ba09aaaeae6aa491daeb226c8150fc20e836ad00041bcb11230"},
    {file = "greenlet-3.0.3-cp312-cp312-manylinux_2_24_x86_64.manylinux_2_28_x86_64.whl", hash = "sha256:fcd2469d6a2cf298f198f0487e0a5b1a47a42ca0fa4dfd1b6862c999f018ebbf"},
    {file = "greenlet-3.0.3-cp312-cp312-musllinux_1_1_aarch64.whl", hash = "sha256:1f672519db1796ca0d8753f9e78ec02355e862d0998193038c7073045899f305"},
    {file = "greenlet-3.0.3-cp312-cp312-musllinux_1_1_x86_64.whl", hash = "sha256:2516a9957eed41dd8f1ec0c604f1cdc86758b587d964668b5b196a9db5bfcde6"},
    {file = "greenlet-3.0.3-cp312-cp312-win_amd64.whl", hash = "sha256:bba5387a6975598857d86de9eac14210a49d554a77eb8261cc68b7d082f78ce2"},
    {file = "greenlet-3.0.3-cp37-cp37m-macosx_11_0_universal2.whl", hash = "sha256:5b51e85cb5ceda94e79d019ed36b35386e8c37d22f07d6a751cb659b180d5274"},
    {file = "greenlet-3.0.3-cp37-cp37m-manylinux_2_17_aarch64.manylinux2014_aarch64.whl", hash = "sha256:daf3cb43b7cf2ba96d614252ce1684c1bccee6b2183a01328c98d36fcd7d5cb0"},
    {file = "greenlet-3.0.3-cp37-cp37m-manylinux_2_17_ppc64le.manylinux2014_ppc64le.whl", hash = "sha256:99bf650dc5d69546e076f413a87481ee1d2d09aaaaaca058c9251b6d8c14783f"},
    {file = "greenlet-3.0.3-cp37-cp37m-manylinux_2_17_s390x.manylinux2014_s390x.whl", hash = "sha256:2dd6e660effd852586b6a8478a1d244b8dc90ab5b1321751d2ea15deb49ed414"},
    {file = "greenlet-3.0.3-cp37-cp37m-manylinux_2_17_x86_64.manylinux2014_x86_64.whl", hash = "sha256:e3391d1e16e2a5a1507d83e4a8b100f4ee626e8eca43cf2cadb543de69827c4c"},
    {file = "greenlet-3.0.3-cp37-cp37m-manylinux_2_24_x86_64.manylinux_2_28_x86_64.whl", hash = "sha256:e1f145462f1fa6e4a4ae3c0f782e580ce44d57c8f2c7aae1b6fa88c0b2efdb41"},
    {file = "greenlet-3.0.3-cp37-cp37m-musllinux_1_1_aarch64.whl", hash = "sha256:1a7191e42732df52cb5f39d3527217e7ab73cae2cb3694d241e18f53d84ea9a7"},
    {file = "greenlet-3.0.3-cp37-cp37m-musllinux_1_1_x86_64.whl", hash = "sha256:0448abc479fab28b00cb472d278828b3ccca164531daab4e970a0458786055d6"},
    {file = "greenlet-3.0.3-cp37-cp37m-win32.whl", hash = "sha256:b542be2440edc2d48547b5923c408cbe0fc94afb9f18741faa6ae970dbcb9b6d"},
    {file = "greenlet-3.0.3-cp37-cp37m-win_amd64.whl", hash = "sha256:01bc7ea167cf943b4c802068e178bbf70ae2e8c080467070d01bfa02f337ee67"},
    {file = "greenlet-3.0.3-cp38-cp38-macosx_11_0_universal2.whl", hash = "sha256:1996cb9306c8595335bb157d133daf5cf9f693ef413e7673cb07e3e5871379ca"},
    {file = "greenlet-3.0.3-cp38-cp38-manylinux_2_17_aarch64.manylinux2014_aarch64.whl", hash = "sha256:3ddc0f794e6ad661e321caa8d2f0a55ce01213c74722587256fb6566049a8b04"},
    {file = "greenlet-3.0.3-cp38-cp38-manylinux_2_17_ppc64le.manylinux2014_ppc64le.whl", hash = "sha256:c9db1c18f0eaad2f804728c67d6c610778456e3e1cc4ab4bbd5eeb8e6053c6fc"},
    {file = "greenlet-3.0.3-cp38-cp38-manylinux_2_17_s390x.manylinux2014_s390x.whl", hash = "sha256:7170375bcc99f1a2fbd9c306f5be8764eaf3ac6b5cb968862cad4c7057756506"},
    {file = "greenlet-3.0.3-cp38-cp38-manylinux_2_17_x86_64.manylinux2014_x86_64.whl", hash = "sha256:6b66c9c1e7ccabad3a7d037b2bcb740122a7b17a53734b7d72a344ce39882a1b"},
    {file = "greenlet-3.0.3-cp38-cp38-manylinux_2_24_x86_64.manylinux_2_28_x86_64.whl", hash = "sha256:098d86f528c855ead3479afe84b49242e174ed262456c342d70fc7f972bc13c4"},
    {file = "greenlet-3.0.3-cp38-cp38-musllinux_1_1_aarch64.whl", hash = "sha256:81bb9c6d52e8321f09c3d165b2a78c680506d9af285bfccbad9fb7ad5a5da3e5"},
    {file = "greenlet-3.0.3-cp38-cp38-musllinux_1_1_x86_64.whl", hash = "sha256:fd096eb7ffef17c456cfa587523c5f92321ae02427ff955bebe9e3c63bc9f0da"},
    {file = "greenlet-3.0.3-cp38-cp38-win32.whl", hash = "sha256:d46677c85c5ba00a9cb6f7a00b2bfa6f812192d2c9f7d9c4f6a55b60216712f3"},
    {file = "greenlet-3.0.3-cp38-cp38-win_amd64.whl", hash = "sha256:419b386f84949bf0e7c73e6032e3457b82a787c1ab4a0e43732898a761cc9dbf"},
    {file = "greenlet-3.0.3-cp39-cp39-macosx_11_0_universal2.whl", hash = "sha256:da70d4d51c8b306bb7a031d5cff6cc25ad253affe89b70352af5f1cb68e74b53"},
    {file = "greenlet-3.0.3-cp39-cp39-manylinux_2_17_aarch64.manylinux2014_aarch64.whl", hash = "sha256:086152f8fbc5955df88382e8a75984e2bb1c892ad2e3c80a2508954e52295257"},
    {file = "greenlet-3.0.3-cp39-cp39-manylinux_2_17_ppc64le.manylinux2014_ppc64le.whl", hash = "sha256:d73a9fe764d77f87f8ec26a0c85144d6a951a6c438dfe50487df5595c6373eac"},
    {file = "greenlet-3.0.3-cp39-cp39-manylinux_2_17_s390x.manylinux2014_s390x.whl", hash = "sha256:b7dcbe92cc99f08c8dd11f930de4d99ef756c3591a5377d1d9cd7dd5e896da71"},
    {file = "greenlet-3.0.3-cp39-cp39-manylinux_2_17_x86_64.manylinux2014_x86_64.whl", hash = "sha256:1551a8195c0d4a68fac7a4325efac0d541b48def35feb49d803674ac32582f61"},
    {file = "greenlet-3.0.3-cp39-cp39-manylinux_2_24_x86_64.manylinux_2_28_x86_64.whl", hash = "sha256:64d7675ad83578e3fc149b617a444fab8efdafc9385471f868eb5ff83e446b8b"},
    {file = "greenlet-3.0.3-cp39-cp39-musllinux_1_1_aarch64.whl", hash = "sha256:b37eef18ea55f2ffd8f00ff8fe7c8d3818abd3e25fb73fae2ca3b672e333a7a6"},
    {file = "greenlet-3.0.3-cp39-cp39-musllinux_1_1_x86_64.whl", hash = "sha256:77457465d89b8263bca14759d7c1684df840b6811b2499838cc5b040a8b5b113"},
    {file = "greenlet-3.0.3-cp39-cp39-win32.whl", hash = "sha256:57e8974f23e47dac22b83436bdcf23080ade568ce77df33159e019d161ce1d1e"},
    {file = "greenlet-3.0.3-cp39-cp39-win_amd64.whl", hash = "sha256:c5ee858cfe08f34712f548c3c363e807e7186f03ad7a5039ebadb29e8c6be067"},
    {file = "greenlet-3.0.3.tar.gz", hash = "sha256:43374442353259554ce33599da8b692d5aa96f8976d567d4badf263371fbe491"},
]

[package.extras]
docs = ["Sphinx", "furo"]
test = ["objgraph", "psutil"]

[[package]]
name = "itsdangerous"
version = "2.2.0"
description = "Safely pass data to untrusted environments and back."
category = "main"
optional = false
python-versions = ">=3.8"
files = [
    {file = "itsdangerous-2.2.0-py3-none-any.whl", hash = "sha256:c6242fc49e35958c8b15141343aa660db5fc54d4f13a1db01a3f5891b98700ef"},
    {file = "itsdangerous-2.2.0.tar.gz", hash = "sha256:e0050c0b7da1eea53ffaf149c0cfbb5c6e2e2b69c4bef22c81fa6eb73e5f6173"},
]

[[package]]
name = "jinja2"
version = "3.1.4"
description = "A very fast and expressive template engine."
category = "main"
optional = false
python-versions = ">=3.7"
files = [
    {file = "jinja2-3.1.4-py3-none-any.whl", hash = "sha256:bc5dd2abb727a5319567b7a813e6a2e7318c39f4f487cfe6c89c6f9c7d25197d"},
    {file = "jinja2-3.1.4.tar.gz", hash = "sha256:4a3aee7acbbe7303aede8e9648d13b8bf88a429282aa6122a993f0ac800cb369"},
]

[package.dependencies]
MarkupSafe = ">=2.0"

[package.extras]
i18n = ["Babel (>=2.7)"]

[[package]]
name = "joblib"
version = "1.4.2"
description = "Lightweight pipelining with Python functions"
category = "main"
optional = false
python-versions = ">=3.8"
files = [
    {file = "joblib-1.4.2-py3-none-any.whl", hash = "sha256:06d478d5674cbc267e7496a410ee875abd68e4340feff4490bcb7afb88060ae6"},
    {file = "joblib-1.4.2.tar.gz", hash = "sha256:2382c5816b2636fbd20a09e0f4e9dad4736765fdfb7dca582943b9c1366b3f0e"},
]

[[package]]
name = "markupsafe"
version = "2.1.5"
description = "Safely add untrusted strings to HTML/XML markup."
category = "main"
optional = false
python-versions = ">=3.7"
files = [
    {file = "MarkupSafe-2.1.5-cp310-cp310-macosx_10_9_universal2.whl", hash = "sha256:a17a92de5231666cfbe003f0e4b9b3a7ae3afb1ec2845aadc2bacc93ff85febc"},
    {file = "MarkupSafe-2.1.5-cp310-cp310-macosx_10_9_x86_64.whl", hash = "sha256:72b6be590cc35924b02c78ef34b467da4ba07e4e0f0454a2c5907f473fc50ce5"},
    {file = "MarkupSafe-2.1.5-cp310-cp310-manylinux_2_17_aarch64.manylinux2014_aarch64.whl", hash = "sha256:e61659ba32cf2cf1481e575d0462554625196a1f2fc06a1c777d3f48e8865d46"},
    {file = "MarkupSafe-2.1.5-cp310-cp310-manylinux_2_17_x86_64.manylinux2014_x86_64.whl", hash = "sha256:2174c595a0d73a3080ca3257b40096db99799265e1c27cc5a610743acd86d62f"},
    {file = "MarkupSafe-2.1.5-cp310-cp310-manylinux_2_5_i686.manylinux1_i686.manylinux_2_17_i686.manylinux2014_i686.whl", hash = "sha256:ae2ad8ae6ebee9d2d94b17fb62763125f3f374c25618198f40cbb8b525411900"},
    {file = "MarkupSafe-2.1.5-cp310-cp310-musllinux_1_1_aarch64.whl", hash = "sha256:075202fa5b72c86ad32dc7d0b56024ebdbcf2048c0ba09f1cde31bfdd57bcfff"},
    {file = "MarkupSafe-2.1.5-cp310-cp310-musllinux_1_1_i686.whl", hash = "sha256:598e3276b64aff0e7b3451b72e94fa3c238d452e7ddcd893c3ab324717456bad"},
    {file = "MarkupSafe-2.1.5-cp310-cp310-musllinux_1_1_x86_64.whl", hash = "sha256:fce659a462a1be54d2ffcacea5e3ba2d74daa74f30f5f143fe0c58636e355fdd"},
    {file = "MarkupSafe-2.1.5-cp310-cp310-win32.whl", hash = "sha256:d9fad5155d72433c921b782e58892377c44bd6252b5af2f67f16b194987338a4"},
    {file = "MarkupSafe-2.1.5-cp310-cp310-win_amd64.whl", hash = "sha256:bf50cd79a75d181c9181df03572cdce0fbb75cc353bc350712073108cba98de5"},
    {file = "MarkupSafe-2.1.5-cp311-cp311-macosx_10_9_universal2.whl", hash = "sha256:629ddd2ca402ae6dbedfceeba9c46d5f7b2a61d9749597d4307f943ef198fc1f"},
    {file = "MarkupSafe-2.1.5-cp311-cp311-macosx_10_9_x86_64.whl", hash = "sha256:5b7b716f97b52c5a14bffdf688f971b2d5ef4029127f1ad7a513973cfd818df2"},
    {file = "MarkupSafe-2.1.5-cp311-cp311-manylinux_2_17_aarch64.manylinux2014_aarch64.whl", hash = "sha256:6ec585f69cec0aa07d945b20805be741395e28ac1627333b1c5b0105962ffced"},
    {file = "MarkupSafe-2.1.5-cp311-cp311-manylinux_2_17_x86_64.manylinux2014_x86_64.whl", hash = "sha256:b91c037585eba9095565a3556f611e3cbfaa42ca1e865f7b8015fe5c7336d5a5"},
    {file = "MarkupSafe-2.1.5-cp311-cp311-manylinux_2_5_i686.manylinux1_i686.manylinux_2_17_i686.manylinux2014_i686.whl", hash = "sha256:7502934a33b54030eaf1194c21c692a534196063db72176b0c4028e140f8f32c"},
    {file = "MarkupSafe-2.1.5-cp311-cp311-musllinux_1_1_aarch64.whl", hash = "sha256:0e397ac966fdf721b2c528cf028494e86172b4feba51d65f81ffd65c63798f3f"},
    {file = "MarkupSafe-2.1.5-cp311-cp311-musllinux_1_1_i686.whl", hash = "sha256:c061bb86a71b42465156a3ee7bd58c8c2ceacdbeb95d05a99893e08b8467359a"},
    {file = "MarkupSafe-2.1.5-cp311-cp311-musllinux_1_1_x86_64.whl", hash = "sha256:3a57fdd7ce31c7ff06cdfbf31dafa96cc533c21e443d57f5b1ecc6cdc668ec7f"},
    {file = "MarkupSafe-2.1.5-cp311-cp311-win32.whl", hash = "sha256:397081c1a0bfb5124355710fe79478cdbeb39626492b15d399526ae53422b906"},
    {file = "MarkupSafe-2.1.5-cp311-cp311-win_amd64.whl", hash = "sha256:2b7c57a4dfc4f16f7142221afe5ba4e093e09e728ca65c51f5620c9aaeb9a617"},
    {file = "MarkupSafe-2.1.5-cp312-cp312-macosx_10_9_universal2.whl", hash = "sha256:8dec4936e9c3100156f8a2dc89c4b88d5c435175ff03413b443469c7c8c5f4d1"},
    {file = "MarkupSafe-2.1.5-cp312-cp312-macosx_10_9_x86_64.whl", hash = "sha256:3c6b973f22eb18a789b1460b4b91bf04ae3f0c4234a0a6aa6b0a92f6f7b951d4"},
    {file = "MarkupSafe-2.1.5-cp312-cp312-manylinux_2_17_aarch64.manylinux2014_aarch64.whl", hash = "sha256:ac07bad82163452a6884fe8fa0963fb98c2346ba78d779ec06bd7a6262132aee"},
    {file = "MarkupSafe-2.1.5-cp312-cp312-manylinux_2_17_x86_64.manylinux2014_x86_64.whl", hash = "sha256:f5dfb42c4604dddc8e4305050aa6deb084540643ed5804d7455b5df8fe16f5e5"},
    {file = "MarkupSafe-2.1.5-cp312-cp312-manylinux_2_5_i686.manylinux1_i686.manylinux_2_17_i686.manylinux2014_i686.whl", hash = "sha256:ea3d8a3d18833cf4304cd2fc9cbb1efe188ca9b5efef2bdac7adc20594a0e46b"},
    {file = "MarkupSafe-2.1.5-cp312-cp312-musllinux_1_1_aarch64.whl", hash = "sha256:d050b3361367a06d752db6ead6e7edeb0009be66bc3bae0ee9d97fb326badc2a"},
    {file = "MarkupSafe-2.1.5-cp312-cp312-musllinux_1_1_i686.whl", hash = "sha256:bec0a414d016ac1a18862a519e54b2fd0fc8bbfd6890376898a6c0891dd82e9f"},
    {file = "MarkupSafe-2.1.5-cp312-cp312-musllinux_1_1_x86_64.whl", hash = "sha256:58c98fee265677f63a4385256a6d7683ab1832f3ddd1e66fe948d5880c21a169"},
    {file = "MarkupSafe-2.1.5-cp312-cp312-win32.whl", hash = "sha256:8590b4ae07a35970728874632fed7bd57b26b0102df2d2b233b6d9d82f6c62ad"},
    {file = "MarkupSafe-2.1.5-cp312-cp312-win_amd64.whl", hash = "sha256:823b65d8706e32ad2df51ed89496147a42a2a6e01c13cfb6ffb8b1e92bc910bb"},
    {file = "MarkupSafe-2.1.5-cp37-cp37m-macosx_10_9_x86_64.whl", hash = "sha256:c8b29db45f8fe46ad280a7294f5c3ec36dbac9491f2d1c17345be8e69cc5928f"},
    {file = "MarkupSafe-2.1.5-cp37-cp37m-manylinux_2_17_aarch64.manylinux2014_aarch64.whl", hash = "sha256:ec6a563cff360b50eed26f13adc43e61bc0c04d94b8be985e6fb24b81f6dcfdf"},
    {file = "MarkupSafe-2.1.5-cp37-cp37m-manylinux_2_17_x86_64.manylinux2014_x86_64.whl", hash = "sha256:a549b9c31bec33820e885335b451286e2969a2d9e24879f83fe904a5ce59d70a"},
    {file = "MarkupSafe-2.1.5-cp37-cp37m-manylinux_2_5_i686.manylinux1_i686.manylinux_2_17_i686.manylinux2014_i686.whl", hash = "sha256:4f11aa001c540f62c6166c7726f71f7573b52c68c31f014c25cc7901deea0b52"},
    {file = "MarkupSafe-2.1.5-cp37-cp37m-musllinux_1_1_aarch64.whl", hash = "sha256:7b2e5a267c855eea6b4283940daa6e88a285f5f2a67f2220203786dfa59b37e9"},
    {file = "MarkupSafe-2.1.5-cp37-cp37m-musllinux_1_1_i686.whl", hash = "sha256:2d2d793e36e230fd32babe143b04cec8a8b3eb8a3122d2aceb4a371e6b09b8df"},
    {file = "MarkupSafe-2.1.5-cp37-cp37m-musllinux_1_1_x86_64.whl", hash = "sha256:ce409136744f6521e39fd8e2a24c53fa18ad67aa5bc7c2cf83645cce5b5c4e50"},
    {file = "MarkupSafe-2.1.5-cp37-cp37m-win32.whl", hash = "sha256:4096e9de5c6fdf43fb4f04c26fb114f61ef0bf2e5604b6ee3019d51b69e8c371"},
    {file = "MarkupSafe-2.1.5-cp37-cp37m-win_amd64.whl", hash = "sha256:4275d846e41ecefa46e2015117a9f491e57a71ddd59bbead77e904dc02b1bed2"},
    {file = "MarkupSafe-2.1.5-cp38-cp38-macosx_10_9_universal2.whl", hash = "sha256:656f7526c69fac7f600bd1f400991cc282b417d17539a1b228617081106feb4a"},
    {file = "MarkupSafe-2.1.5-cp38-cp38-macosx_10_9_x86_64.whl", hash = "sha256:97cafb1f3cbcd3fd2b6fbfb99ae11cdb14deea0736fc2b0952ee177f2b813a46"},
    {file = "MarkupSafe-2.1.5-cp38-cp38-manylinux_2_17_aarch64.manylinux2014_aarch64.whl", hash = "sha256:1f3fbcb7ef1f16e48246f704ab79d79da8a46891e2da03f8783a5b6fa41a9532"},
    {file = "MarkupSafe-2.1.5-cp38-cp38-manylinux_2_17_x86_64.manylinux2014_x86_64.whl", hash = "sha256:fa9db3f79de01457b03d4f01b34cf91bc0048eb2c3846ff26f66687c2f6d16ab"},
    {file = "MarkupSafe-2.1.5-cp38-cp38-manylinux_2_5_i686.manylinux1_i686.manylinux_2_17_i686.manylinux2014_i686.whl", hash = "sha256:ffee1f21e5ef0d712f9033568f8344d5da8cc2869dbd08d87c84656e6a2d2f68"},
    {file = "MarkupSafe-2.1.5-cp38-cp38-musllinux_1_1_aarch64.whl", hash = "sha256:5dedb4db619ba5a2787a94d877bc8ffc0566f92a01c0ef214865e54ecc9ee5e0"},
    {file = "MarkupSafe-2.1.5-cp38-cp38-musllinux_1_1_i686.whl", hash = "sha256:30b600cf0a7ac9234b2638fbc0fb6158ba5bdcdf46aeb631ead21248b9affbc4"},
    {file = "MarkupSafe-2.1.5-cp38-cp38-musllinux_1_1_x86_64.whl", hash = "sha256:8dd717634f5a044f860435c1d8c16a270ddf0ef8588d4887037c5028b859b0c3"},
    {file = "MarkupSafe-2.1.5-cp38-cp38-win32.whl", hash = "sha256:daa4ee5a243f0f20d528d939d06670a298dd39b1ad5f8a72a4275124a7819eff"},
    {file = "MarkupSafe-2.1.5-cp38-cp38-win_amd64.whl", hash = "sha256:619bc166c4f2de5caa5a633b8b7326fbe98e0ccbfacabd87268a2b15ff73a029"},
    {file = "MarkupSafe-2.1.5-cp39-cp39-macosx_10_9_universal2.whl", hash = "sha256:7a68b554d356a91cce1236aa7682dc01df0edba8d043fd1ce607c49dd3c1edcf"},
    {file = "MarkupSafe-2.1.5-cp39-cp39-macosx_10_9_x86_64.whl", hash = "sha256:db0b55e0f3cc0be60c1f19efdde9a637c32740486004f20d1cff53c3c0ece4d2"},
    {file = "MarkupSafe-2.1.5-cp39-cp39-manylinux_2_17_aarch64.manylinux2014_aarch64.whl", hash = "sha256:3e53af139f8579a6d5f7b76549125f0d94d7e630761a2111bc431fd820e163b8"},
    {file = "MarkupSafe-2.1.5-cp39-cp39-manylinux_2_17_x86_64.manylinux2014_x86_64.whl", hash = "sha256:17b950fccb810b3293638215058e432159d2b71005c74371d784862b7e4683f3"},
    {file = "MarkupSafe-2.1.5-cp39-cp39-manylinux_2_5_i686.manylinux1_i686.manylinux_2_17_i686.manylinux2014_i686.whl", hash = "sha256:4c31f53cdae6ecfa91a77820e8b151dba54ab528ba65dfd235c80b086d68a465"},
    {file = "MarkupSafe-2.1.5-cp39-cp39-musllinux_1_1_aarch64.whl", hash = "sha256:bff1b4290a66b490a2f4719358c0cdcd9bafb6b8f061e45c7a2460866bf50c2e"},
    {file = "MarkupSafe-2.1.5-cp39-cp39-musllinux_1_1_i686.whl", hash = "sha256:bc1667f8b83f48511b94671e0e441401371dfd0f0a795c7daa4a3cd1dde55bea"},
    {file = "MarkupSafe-2.1.5-cp39-cp39-musllinux_1_1_x86_64.whl", hash = "sha256:5049256f536511ee3f7e1b3f87d1d1209d327e818e6ae1365e8653d7e3abb6a6"},
    {file = "MarkupSafe-2.1.5-cp39-cp39-win32.whl", hash = "sha256:00e046b6dd71aa03a41079792f8473dc494d564611a8f89bbbd7cb93295ebdcf"},
    {file = "MarkupSafe-2.1.5-cp39-cp39-win_amd64.whl", hash = "sha256:fa173ec60341d6bb97a89f5ea19c85c5643c1e7dedebc22f5181eb73573142c5"},
    {file = "MarkupSafe-2.1.5.tar.gz", hash = "sha256:d283d37a890ba4c1ae73ffadf8046435c76e7bc2247bbb63c00bd1a709c6544b"},
]

[[package]]
name = "numpy"
version = "1.21.4"
description = "NumPy is the fundamental package for array computing with Python."
category = "main"
optional = false
python-versions = ">=3.7,<3.11"
files = [
    {file = "numpy-1.21.4-cp310-cp310-macosx_10_9_universal2.whl", hash = "sha256:8890b3360f345e8360133bc078d2dacc2843b6ee6059b568781b15b97acbe39f"},
    {file = "numpy-1.21.4-cp310-cp310-macosx_10_9_x86_64.whl", hash = "sha256:69077388c5a4b997442b843dbdc3a85b420fb693ec8e33020bb24d647c164fa5"},
    {file = "numpy-1.21.4-cp310-cp310-macosx_11_0_arm64.whl", hash = "sha256:e89717274b41ebd568cd7943fc9418eeb49b1785b66031bc8a7f6300463c5898"},
    {file = "numpy-1.21.4-cp310-cp310-manylinux_2_17_aarch64.manylinux2014_aarch64.whl", hash = "sha256:0b78ecfa070460104934e2caf51694ccd00f37d5e5dbe76f021b1b0b0d221823"},
    {file = "numpy-1.21.4-cp310-cp310-manylinux_2_17_x86_64.manylinux2014_x86_64.whl", hash = "sha256:615d4e328af7204c13ae3d4df7615a13ff60a49cb0d9106fde07f541207883ca"},
    {file = "numpy-1.21.4-cp310-cp310-win_amd64.whl", hash = "sha256:1403b4e2181fc72664737d848b60e65150f272fe5a1c1cbc16145ed43884065a"},
    {file = "numpy-1.21.4-cp37-cp37m-macosx_10_9_x86_64.whl", hash = "sha256:74b85a17528ca60cf98381a5e779fc0264b4a88b46025e6bcbe9621f46bb3e63"},
    {file = "numpy-1.21.4-cp37-cp37m-manylinux_2_12_i686.manylinux2010_i686.whl", hash = "sha256:92aafa03da8658609f59f18722b88f0a73a249101169e28415b4fa148caf7e41"},
    {file = "numpy-1.21.4-cp37-cp37m-manylinux_2_12_x86_64.manylinux2010_x86_64.whl", hash = "sha256:5d95668e727c75b3f5088ec7700e260f90ec83f488e4c0aaccb941148b2cd377"},
    {file = "numpy-1.21.4-cp37-cp37m-manylinux_2_17_aarch64.manylinux2014_aarch64.whl", hash = "sha256:f5162ec777ba7138906c9c274353ece5603646c6965570d82905546579573f73"},
    {file = "numpy-1.21.4-cp37-cp37m-win32.whl", hash = "sha256:81225e58ef5fce7f1d80399575576fc5febec79a8a2742e8ef86d7b03beef49f"},
    {file = "numpy-1.21.4-cp37-cp37m-win_amd64.whl", hash = "sha256:32fe5b12061f6446adcbb32cf4060a14741f9c21e15aaee59a207b6ce6423469"},
    {file = "numpy-1.21.4-cp38-cp38-macosx_10_9_universal2.whl", hash = "sha256:c449eb870616a7b62e097982c622d2577b3dbc800aaf8689254ec6e0197cbf1e"},
    {file = "numpy-1.21.4-cp38-cp38-macosx_10_9_x86_64.whl", hash = "sha256:2e4ed57f45f0aa38beca2a03b6532e70e548faf2debbeb3291cfc9b315d9be8f"},
    {file = "numpy-1.21.4-cp38-cp38-macosx_11_0_arm64.whl", hash = "sha256:1247ef28387b7bb7f21caf2dbe4767f4f4175df44d30604d42ad9bd701ebb31f"},
    {file = "numpy-1.21.4-cp38-cp38-manylinux_2_12_i686.manylinux2010_i686.whl", hash = "sha256:34f3456f530ae8b44231c63082c8899fe9c983fd9b108c997c4b1c8c2d435333"},
    {file = "numpy-1.21.4-cp38-cp38-manylinux_2_12_x86_64.manylinux2010_x86_64.whl", hash = "sha256:4c9c23158b87ed0e70d9a50c67e5c0b3f75bcf2581a8e34668d4e9d7474d76c6"},
    {file = "numpy-1.21.4-cp38-cp38-manylinux_2_17_aarch64.manylinux2014_aarch64.whl", hash = "sha256:e4799be6a2d7d3c33699a6f77201836ac975b2e1b98c2a07f66a38f499cb50ce"},
    {file = "numpy-1.21.4-cp38-cp38-win32.whl", hash = "sha256:bc988afcea53e6156546e5b2885b7efab089570783d9d82caf1cfd323b0bb3dd"},
    {file = "numpy-1.21.4-cp38-cp38-win_amd64.whl", hash = "sha256:170b2a0805c6891ca78c1d96ee72e4c3ed1ae0a992c75444b6ab20ff038ba2cd"},
    {file = "numpy-1.21.4-cp39-cp39-macosx_10_9_universal2.whl", hash = "sha256:fde96af889262e85aa033f8ee1d3241e32bf36228318a61f1ace579df4e8170d"},
    {file = "numpy-1.21.4-cp39-cp39-macosx_10_9_x86_64.whl", hash = "sha256:c885bfc07f77e8fee3dc879152ba993732601f1f11de248d4f357f0ffea6a6d4"},
    {file = "numpy-1.21.4-cp39-cp39-macosx_11_0_arm64.whl", hash = "sha256:9e6f5f50d1eff2f2f752b3089a118aee1ea0da63d56c44f3865681009b0af162"},
    {file = "numpy-1.21.4-cp39-cp39-manylinux_2_12_i686.manylinux2010_i686.whl", hash = "sha256:ad010846cdffe7ec27e3f933397f8a8d6c801a48634f419e3d075db27acf5880"},
    {file = "numpy-1.21.4-cp39-cp39-manylinux_2_12_x86_64.manylinux2010_x86_64.whl", hash = "sha256:c74c699b122918a6c4611285cc2cad4a3aafdb135c22a16ec483340ef97d573c"},
    {file = "numpy-1.21.4-cp39-cp39-manylinux_2_17_aarch64.manylinux2014_aarch64.whl", hash = "sha256:9864424631775b0c052f3bd98bc2712d131b3e2cd95d1c0c68b91709170890b0"},
    {file = "numpy-1.21.4-cp39-cp39-win32.whl", hash = "sha256:b1e2312f5b8843a3e4e8224b2b48fe16119617b8fc0a54df8f50098721b5bed2"},
    {file = "numpy-1.21.4-cp39-cp39-win_amd64.whl", hash = "sha256:e3c3e990274444031482a31280bf48674441e0a5b55ddb168f3a6db3e0c38ec8"},
    {file = "numpy-1.21.4-pp37-pypy37_pp73-manylinux_2_12_x86_64.manylinux2010_x86_64.whl", hash = "sha256:a3deb31bc84f2b42584b8c4001c85d1934dbfb4030827110bc36bfd11509b7bf"},
    {file = "numpy-1.21.4.zip", hash = "sha256:e6c76a87633aa3fa16614b61ccedfae45b91df2767cf097aa9c933932a7ed1e0"},
]

[[package]]
name = "psycopg2"
version = "2.9.5"
description = "psycopg2 - Python-PostgreSQL Database Adapter"
category = "main"
optional = false
python-versions = ">=3.6"
files = [
    {file = "psycopg2-2.9.5-cp310-cp310-win32.whl", hash = "sha256:d3ef67e630b0de0779c42912fe2cbae3805ebaba30cda27fea2a3de650a9414f"},
    {file = "psycopg2-2.9.5-cp310-cp310-win_amd64.whl", hash = "sha256:4cb9936316d88bfab614666eb9e32995e794ed0f8f6b3b718666c22819c1d7ee"},
    {file = "psycopg2-2.9.5-cp311-cp311-win32.whl", hash = "sha256:093e3894d2d3c592ab0945d9eba9d139c139664dcf83a1c440b8a7aa9bb21955"},
    {file = "psycopg2-2.9.5-cp311-cp311-win_amd64.whl", hash = "sha256:920bf418000dd17669d2904472efeab2b20546efd0548139618f8fa305d1d7ad"},
    {file = "psycopg2-2.9.5-cp36-cp36m-win32.whl", hash = "sha256:b9ac1b0d8ecc49e05e4e182694f418d27f3aedcfca854ebd6c05bb1cffa10d6d"},
    {file = "psycopg2-2.9.5-cp36-cp36m-win_amd64.whl", hash = "sha256:fc04dd5189b90d825509caa510f20d1d504761e78b8dfb95a0ede180f71d50e5"},
    {file = "psycopg2-2.9.5-cp37-cp37m-win32.whl", hash = "sha256:922cc5f0b98a5f2b1ff481f5551b95cd04580fd6f0c72d9b22e6c0145a4840e0"},
    {file = "psycopg2-2.9.5-cp37-cp37m-win_amd64.whl", hash = "sha256:1e5a38aa85bd660c53947bd28aeaafb6a97d70423606f1ccb044a03a1203fe4a"},
    {file = "psycopg2-2.9.5-cp38-cp38-win32.whl", hash = "sha256:f5b6320dbc3cf6cfb9f25308286f9f7ab464e65cfb105b64cc9c52831748ced2"},
    {file = "psycopg2-2.9.5-cp38-cp38-win_amd64.whl", hash = "sha256:1a5c7d7d577e0eabfcf15eb87d1e19314c8c4f0e722a301f98e0e3a65e238b4e"},
    {file = "psycopg2-2.9.5-cp39-cp39-win32.whl", hash = "sha256:322fd5fca0b1113677089d4ebd5222c964b1760e361f151cbb2706c4912112c5"},
    {file = "psycopg2-2.9.5-cp39-cp39-win_amd64.whl", hash = "sha256:190d51e8c1b25a47484e52a79638a8182451d6f6dff99f26ad9bd81e5359a0fa"},
    {file = "psycopg2-2.9.5.tar.gz", hash = "sha256:a5246d2e683a972e2187a8714b5c2cf8156c064629f9a9b1a873c1730d9e245a"},
]

[[package]]
name = "scikit-learn"
version = "1.0.1"
description = "A set of python modules for machine learning and data mining"
category = "main"
optional = false
python-versions = ">=3.7"
files = [
    {file = "scikit-learn-1.0.1.tar.gz", hash = "sha256:ac2ca9dbb754d61cfe1c83ba8483498ef951d29b93ec09d6f002847f210a99da"},
    {file = "scikit_learn-1.0.1-cp37-cp37m-macosx_10_13_x86_64.whl", hash = "sha256:116e05fd990d9b363fc29bd3699ec2117d7da9088f6ca9a90173b240c5a063f1"},
    {file = "scikit_learn-1.0.1-cp37-cp37m-manylinux_2_12_i686.manylinux2010_i686.whl", hash = "sha256:bd78a2442c948536f677e2744917c37cff014559648102038822c23863741c27"},
    {file = "scikit_learn-1.0.1-cp37-cp37m-manylinux_2_12_x86_64.manylinux2010_x86_64.whl", hash = "sha256:32d941f12fd7e245f01da2b82943c5ce6f1133fa5375eb80caa51457532b3e7e"},
    {file = "scikit_learn-1.0.1-cp37-cp37m-manylinux_2_17_aarch64.manylinux2014_aarch64.whl", hash = "sha256:fb7214103f6c36c1371dd8c166897e3528264a28f2e2e42573ba8c61ed4d7142"},
    {file = "scikit_learn-1.0.1-cp37-cp37m-manylinux_2_5_i686.manylinux1_i686.whl", hash = "sha256:46248cc6a8b72490f723c73ff2e65e62633d14cafe9d2df3a7b3f87d332a6f7e"},
    {file = "scikit_learn-1.0.1-cp37-cp37m-manylinux_2_5_x86_64.manylinux1_x86_64.whl", hash = "sha256:fecb5102f0a36c16c1361ec519a7bb0260776ef40e17393a81f530569c916a7b"},
    {file = "scikit_learn-1.0.1-cp37-cp37m-win32.whl", hash = "sha256:02aee3b257617da0ec98dee9572b10523dc00c25b68c195ddf100c1a93b1854b"},
    {file = "scikit_learn-1.0.1-cp37-cp37m-win_amd64.whl", hash = "sha256:538f3a85c4980c7572f3e754f0ba8489363976ef3e7f6a94e8f1af5ae45f6f6a"},
    {file = "scikit_learn-1.0.1-cp38-cp38-macosx_10_13_x86_64.whl", hash = "sha256:59b1d6df8724003fa16b7365a3b43449ee152aa6e488dd7a19f933640bb2d7fb"},
    {file = "scikit_learn-1.0.1-cp38-cp38-manylinux_2_12_i686.manylinux2010_i686.whl", hash = "sha256:515b227f01f569145dc9f86e56f4cea9f00a613fc4d074bbfc0a92ca00bff467"},
    {file = "scikit_learn-1.0.1-cp38-cp38-manylinux_2_12_x86_64.manylinux2010_x86_64.whl", hash = "sha256:fc75f81571137b39f9b31766e15a0e525331637e7fe8f8000a3fbfba7da3add9"},
    {file = "scikit_learn-1.0.1-cp38-cp38-manylinux_2_17_aarch64.manylinux2014_aarch64.whl", hash = "sha256:648f4dbfdd0a1b45bf6e2e4afe3f431774c55dee05e2d28f8394d6648296f373"},
    {file = "scikit_learn-1.0.1-cp38-cp38-manylinux_2_5_i686.manylinux1_i686.whl", hash = "sha256:53bb7c605427ab187869d7a05cd3f524a3015a90e351c1788fc3a662e7f92b69"},
    {file = "scikit_learn-1.0.1-cp38-cp38-manylinux_2_5_x86_64.manylinux1_x86_64.whl", hash = "sha256:a800665527c1a63f7395a0baae3c89b0d97b54d2c23769c1c9879061bb80bc19"},
    {file = "scikit_learn-1.0.1-cp38-cp38-win32.whl", hash = "sha256:ee59da47e18b703f6de17d5d51b16ce086c50969d5a83db5217f0ae9372de232"},
    {file = "scikit_learn-1.0.1-cp38-cp38-win_amd64.whl", hash = "sha256:ebbe4275556d3c02707bd93ae8b96d9651acd4165126e0ae64b336afa2a6dcb1"},
    {file = "scikit_learn-1.0.1-cp39-cp39-macosx_10_13_x86_64.whl", hash = "sha256:11a57405c1c3514227d0c6a0bee561c94cd1284b41e236f7a1d76b3975f77593"},
    {file = "scikit_learn-1.0.1-cp39-cp39-manylinux_2_12_i686.manylinux2010_i686.whl", hash = "sha256:a51fdbc116974d9715957366df73e5ec6f0a7a2afa017864c2e5f5834e6f494d"},
    {file = "scikit_learn-1.0.1-cp39-cp39-manylinux_2_12_x86_64.manylinux2010_x86_64.whl", hash = "sha256:944f47b2d881b9d24aee40d643bfdc4bd2b6dc3d25b62964411c6d8882f940a1"},
    {file = "scikit_learn-1.0.1-cp39-cp39-manylinux_2_17_aarch64.manylinux2014_aarch64.whl", hash = "sha256:fc60e0371e521995a6af2ef3f5d911568506124c272889b318b8b6e497251231"},
    {file = "scikit_learn-1.0.1-cp39-cp39-manylinux_2_5_i686.manylinux1_i686.whl", hash = "sha256:62ce4e3ddb6e6e9dcdb3e5ac7f0575dbaf56f79ce2b2edee55192b12b52df5be"},
    {file = "scikit_learn-1.0.1-cp39-cp39-manylinux_2_5_x86_64.manylinux1_x86_64.whl", hash = "sha256:059c5be0c0365321ddbcac7abf0db806fad8ecb64ee6c7cbcd58313c7d61634d"},
    {file = "scikit_learn-1.0.1-cp39-cp39-win32.whl", hash = "sha256:c6b9510fd2e1642314efb7aa951a0d05d963f3523e01c30b2dadde2395ebe6b4"},
    {file = "scikit_learn-1.0.1-cp39-cp39-win_amd64.whl", hash = "sha256:c604a813df8e7d6dfca3ae0db0a8fd7e5dff4ea9d94081ab263c81bf0b61ab4b"},
]

[package.dependencies]
joblib = ">=0.11"
numpy = ">=1.14.6"
scipy = ">=1.1.0"
threadpoolctl = ">=2.0.0"

[package.extras]
benchmark = ["matplotlib (>=2.2.3)", "memory-profiler (>=0.57.0)", "pandas (>=0.25.0)"]
docs = ["Pillow (>=7.1.2)", "matplotlib (>=2.2.3)", "memory-profiler (>=0.57.0)", "numpydoc (>=1.0.0)", "pandas (>=0.25.0)", "scikit-image (>=0.14.5)", "seaborn (>=0.9.0)", "sphinx (>=4.0.1)", "sphinx-gallery (>=0.7.0)", "sphinx-prompt (>=1.3.0)", "sphinxext-opengraph (>=0.4.2)"]
examples = ["matplotlib (>=2.2.3)", "pandas (>=0.25.0)", "scikit-image (>=0.14.5)", "seaborn (>=0.9.0)"]
tests = ["black (>=21.6b0)", "flake8 (>=3.8.2)", "matplotlib (>=2.2.3)", "mypy (>=0.770)", "pandas (>=0.25.0)", "pyamg (>=4.0.0)", "pytest (>=5.0.1)", "pytest-cov (>=2.9.0)", "scikit-image (>=0.14.5)"]

[[package]]
name = "scipy"
version = "1.10.1"
description = "Fundamental algorithms for scientific computing in Python"
category = "main"
optional = false
python-versions = "<3.12,>=3.8"
files = [
    {file = "scipy-1.10.1-cp310-cp310-macosx_10_9_x86_64.whl", hash = "sha256:e7354fd7527a4b0377ce55f286805b34e8c54b91be865bac273f527e1b839019"},
    {file = "scipy-1.10.1-cp310-cp310-macosx_12_0_arm64.whl", hash = "sha256:4b3f429188c66603a1a5c549fb414e4d3bdc2a24792e061ffbd607d3d75fd84e"},
    {file = "scipy-1.10.1-cp310-cp310-manylinux_2_17_aarch64.manylinux2014_aarch64.whl", hash = "sha256:1553b5dcddd64ba9a0d95355e63fe6c3fc303a8fd77c7bc91e77d61363f7433f"},
    {file = "scipy-1.10.1-cp310-cp310-manylinux_2_17_x86_64.manylinux2014_x86_64.whl", hash = "sha256:4c0ff64b06b10e35215abce517252b375e580a6125fd5fdf6421b98efbefb2d2"},
    {file = "scipy-1.10.1-cp310-cp310-win_amd64.whl", hash = "sha256:fae8a7b898c42dffe3f7361c40d5952b6bf32d10c4569098d276b4c547905ee1"},
    {file = "scipy-1.10.1-cp311-cp311-macosx_10_9_x86_64.whl", hash = "sha256:0f1564ea217e82c1bbe75ddf7285ba0709ecd503f048cb1236ae9995f64217bd"},
    {file = "scipy-1.10.1-cp311-cp311-macosx_12_0_arm64.whl", hash = "sha256:d925fa1c81b772882aa55bcc10bf88324dadb66ff85d548c71515f6689c6dac5"},
    {file = "scipy-1.10.1-cp311-cp311-manylinux_2_17_aarch64.manylinux2014_aarch64.whl", hash = "sha256:aaea0a6be54462ec027de54fca511540980d1e9eea68b2d5c1dbfe084797be35"},
    {file = "scipy-1.10.1-cp311-cp311-manylinux_2_17_x86_64.manylinux2014_x86_64.whl", hash = "sha256:15a35c4242ec5f292c3dd364a7c71a61be87a3d4ddcc693372813c0b73c9af1d"},
    {file = "scipy-1.10.1-cp311-cp311-win_amd64.whl", hash = "sha256:43b8e0bcb877faf0abfb613d51026cd5cc78918e9530e375727bf0625c82788f"},
    {file = "scipy-1.10.1-cp38-cp38-macosx_10_9_x86_64.whl", hash = "sha256:5678f88c68ea866ed9ebe3a989091088553ba12c6090244fdae3e467b1139c35"},
    {file = "scipy-1.10.1-cp38-cp38-macosx_12_0_arm64.whl", hash = "sha256:39becb03541f9e58243f4197584286e339029e8908c46f7221abeea4b749fa88"},
    {file = "scipy-1.10.1-cp38-cp38-manylinux_2_17_aarch64.manylinux2014_aarch64.whl", hash = "sha256:bce5869c8d68cf383ce240e44c1d9ae7c06078a9396df68ce88a1230f93a30c1"},
    {file = "scipy-1.10.1-cp38-cp38-manylinux_2_17_x86_64.manylinux2014_x86_64.whl", hash = "sha256:07c3457ce0b3ad5124f98a86533106b643dd811dd61b548e78cf4c8786652f6f"},
    {file = "scipy-1.10.1-cp38-cp38-win_amd64.whl", hash = "sha256:049a8bbf0ad95277ffba9b3b7d23e5369cc39e66406d60422c8cfef40ccc8415"},
    {file = "scipy-1.10.1-cp39-cp39-macosx_10_9_x86_64.whl", hash = "sha256:cd9f1027ff30d90618914a64ca9b1a77a431159df0e2a195d8a9e8a04c78abf9"},
    {file = "scipy-1.10.1-cp39-cp39-macosx_12_0_arm64.whl", hash = "sha256:79c8e5a6c6ffaf3a2262ef1be1e108a035cf4f05c14df56057b64acc5bebffb6"},
    {file = "scipy-1.10.1-cp39-cp39-manylinux_2_17_aarch64.manylinux2014_aarch64.whl", hash = "sha256:51af417a000d2dbe1ec6c372dfe688e041a7084da4fdd350aeb139bd3fb55353"},
    {file = "scipy-1.10.1-cp39-cp39-manylinux_2_17_x86_64.manylinux2014_x86_64.whl", hash = "sha256:1b4735d6c28aad3cdcf52117e0e91d6b39acd4272f3f5cd9907c24ee931ad601"},
    {file = "scipy-1.10.1-cp39-cp39-win_amd64.whl", hash = "sha256:7ff7f37b1bf4417baca958d254e8e2875d0cc23aaadbe65b3d5b3077b0eb23ea"},
    {file = "scipy-1.10.1.tar.gz", hash = "sha256:2cf9dfb80a7b4589ba4c40ce7588986d6d5cebc5457cad2c2880f6bc2d42f3a5"},
]

[package.dependencies]
numpy = ">=1.19.5,<1.27.0"

[package.extras]
dev = ["click", "doit (>=0.36.0)", "flake8", "mypy", "pycodestyle", "pydevtool", "rich-click", "typing_extensions"]
doc = ["matplotlib (>2)", "numpydoc", "pydata-sphinx-theme (==0.9.0)", "sphinx (!=4.1.0)", "sphinx-design (>=0.2.0)"]
test = ["asv", "gmpy2", "mpmath", "pooch", "pytest", "pytest-cov", "pytest-timeout", "pytest-xdist", "scikit-umfpack", "threadpoolctl"]

[[package]]
name = "sgmllib3k"
version = "1.0.0"
description = "Py3k port of sgmllib."
category = "main"
optional = false
python-versions = "*"
files = [
    {file = "sgmllib3k-1.0.0.tar.gz", hash = "sha256:7868fb1c8bfa764c1ac563d3cf369c381d1325d36124933a726f29fcdaa812e9"},
]

[[package]]
name = "soupsieve"
version = "2.5"
description = "A modern CSS selector implementation for Beautiful Soup."
category = "main"
optional = false
python-versions = ">=3.8"
files = [
    {file = "soupsieve-2.5-py3-none-any.whl", hash = "sha256:eaa337ff55a1579b6549dc679565eac1e3d000563bcb1c8ab0d0fefbc0c2cdc7"},
    {file = "soupsieve-2.5.tar.gz", hash = "sha256:5663d5a7b3bfaeee0bc4372e7fc48f9cff4940b3eec54a6451cc5299f1097690"},
]

[[package]]
name = "sqlalchemy"
version = "1.4.42"
description = "Database Abstraction Library"
category = "main"
optional = false
python-versions = "!=3.0.*,!=3.1.*,!=3.2.*,!=3.3.*,!=3.4.*,!=3.5.*,>=2.7"
files = [
    {file = "SQLAlchemy-1.4.42-cp27-cp27m-macosx_10_14_x86_64.whl", hash = "sha256:28e881266a172a4d3c5929182fde6bb6fba22ac93f137d5380cc78a11a9dd124"},
    {file = "SQLAlchemy-1.4.42-cp27-cp27m-manylinux_2_5_x86_64.manylinux1_x86_64.whl", hash = "sha256:ca9389a00f639383c93ed00333ed763812f80b5ae9e772ea32f627043f8c9c88"},
    {file = "SQLAlchemy-1.4.42-cp27-cp27m-win32.whl", hash = "sha256:1d0c23ecf7b3bc81e29459c34a3f4c68ca538de01254e24718a7926810dc39a6"},
    {file = "SQLAlchemy-1.4.42-cp27-cp27m-win_amd64.whl", hash = "sha256:6c9d004eb78c71dd4d3ce625b80c96a827d2e67af9c0d32b1c1e75992a7916cc"},
    {file = "SQLAlchemy-1.4.42-cp27-cp27mu-manylinux_2_5_x86_64.manylinux1_x86_64.whl", hash = "sha256:9e3a65ce9ed250b2f096f7b559fe3ee92e6605fab3099b661f0397a9ac7c8d95"},
    {file = "SQLAlchemy-1.4.42-cp310-cp310-macosx_10_15_x86_64.whl", hash = "sha256:2e56dfed0cc3e57b2f5c35719d64f4682ef26836b81067ee6cfad062290fd9e2"},
    {file = "SQLAlchemy-1.4.42-cp310-cp310-manylinux_2_17_aarch64.manylinux2014_aarch64.whl", hash = "sha256:b42c59ffd2d625b28cdb2ae4cde8488543d428cba17ff672a543062f7caee525"},
    {file = "SQLAlchemy-1.4.42-cp310-cp310-manylinux_2_5_x86_64.manylinux1_x86_64.manylinux_2_12_x86_64.manylinux2010_x86_64.whl", hash = "sha256:22459fc1718785d8a86171bbe7f01b5c9d7297301ac150f508d06e62a2b4e8d2"},
    {file = "SQLAlchemy-1.4.42-cp310-cp310-manylinux_2_5_x86_64.manylinux1_x86_64.manylinux_2_17_x86_64.manylinux2014_x86_64.whl", hash = "sha256:df76e9c60879fdc785a34a82bf1e8691716ffac32e7790d31a98d7dec6e81545"},
    {file = "SQLAlchemy-1.4.42-cp310-cp310-win32.whl", hash = "sha256:e7e740453f0149437c101ea4fdc7eea2689938c5760d7dcc436c863a12f1f565"},
    {file = "SQLAlchemy-1.4.42-cp310-cp310-win_amd64.whl", hash = "sha256:effc89e606165ca55f04f3f24b86d3e1c605e534bf1a96e4e077ce1b027d0b71"},
    {file = "SQLAlchemy-1.4.42-cp311-cp311-macosx_10_9_universal2.whl", hash = "sha256:97ff50cd85bb907c2a14afb50157d0d5486a4b4639976b4a3346f34b6d1b5272"},
    {file = "SQLAlchemy-1.4.42-cp311-cp311-manylinux_2_17_aarch64.manylinux2014_aarch64.whl", hash = "sha256:e12c6949bae10f1012ab5c0ea52ab8db99adcb8c7b717938252137cdf694c775"},
    {file = "SQLAlchemy-1.4.42-cp311-cp311-manylinux_2_5_x86_64.manylinux1_x86_64.manylinux_2_17_x86_64.manylinux2014_x86_64.whl", hash = "sha256:11b2ec26c5d2eefbc3e6dca4ec3d3d95028be62320b96d687b6e740424f83b7d"},
    {file = "SQLAlchemy-1.4.42-cp311-cp311-win32.whl", hash = "sha256:6045b3089195bc008aee5c273ec3ba9a93f6a55bc1b288841bd4cfac729b6516"},
    {file = "SQLAlchemy-1.4.42-cp311-cp311-win_amd64.whl", hash = "sha256:0501f74dd2745ec38f44c3a3900fb38b9db1ce21586b691482a19134062bf049"},
    {file = "SQLAlchemy-1.4.42-cp36-cp36m-macosx_10_14_x86_64.whl", hash = "sha256:6e39e97102f8e26c6c8550cb368c724028c575ec8bc71afbbf8faaffe2b2092a"},
    {file = "SQLAlchemy-1.4.42-cp36-cp36m-manylinux_2_17_aarch64.manylinux2014_aarch64.whl", hash = "sha256:15d878929c30e41fb3d757a5853b680a561974a0168cd33a750be4ab93181628"},
    {file = "SQLAlchemy-1.4.42-cp36-cp36m-manylinux_2_5_x86_64.manylinux1_x86_64.manylinux_2_12_x86_64.manylinux2010_x86_64.whl", hash = "sha256:fa5b7eb2051e857bf83bade0641628efe5a88de189390725d3e6033a1fff4257"},
    {file = "SQLAlchemy-1.4.42-cp36-cp36m-manylinux_2_5_x86_64.manylinux1_x86_64.manylinux_2_17_x86_64.manylinux2014_x86_64.whl", hash = "sha256:4e1c5f8182b4f89628d782a183d44db51b5af84abd6ce17ebb9804355c88a7b5"},
    {file = "SQLAlchemy-1.4.42-cp36-cp36m-win32.whl", hash = "sha256:a7dd5b7b34a8ba8d181402d824b87c5cee8963cb2e23aa03dbfe8b1f1e417cde"},
    {file = "SQLAlchemy-1.4.42-cp36-cp36m-win_amd64.whl", hash = "sha256:5ede1495174e69e273fad68ad45b6d25c135c1ce67723e40f6cf536cb515e20b"},
    {file = "SQLAlchemy-1.4.42-cp37-cp37m-macosx_10_15_x86_64.whl", hash = "sha256:9256563506e040daddccaa948d055e006e971771768df3bb01feeb4386c242b0"},
    {file = "SQLAlchemy-1.4.42-cp37-cp37m-manylinux_2_17_aarch64.manylinux2014_aarch64.whl", hash = "sha256:4948b6c5f4e56693bbeff52f574279e4ff972ea3353f45967a14c30fb7ae2beb"},
    {file = "SQLAlchemy-1.4.42-cp37-cp37m-manylinux_2_5_x86_64.manylinux1_x86_64.manylinux_2_12_x86_64.manylinux2010_x86_64.whl", hash = "sha256:1811a0b19a08af7750c0b69e38dec3d46e47c4ec1d74b6184d69f12e1c99a5e0"},
    {file = "SQLAlchemy-1.4.42-cp37-cp37m-manylinux_2_5_x86_64.manylinux1_x86_64.manylinux_2_17_x86_64.manylinux2014_x86_64.whl", hash = "sha256:9b01d9cd2f9096f688c71a3d0f33f3cd0af8549014e66a7a7dee6fc214a7277d"},
    {file = "SQLAlchemy-1.4.42-cp37-cp37m-win32.whl", hash = "sha256:bd448b262544b47a2766c34c0364de830f7fb0772d9959c1c42ad61d91ab6565"},
    {file = "SQLAlchemy-1.4.42-cp37-cp37m-win_amd64.whl", hash = "sha256:04f2598c70ea4a29b12d429a80fad3a5202d56dce19dd4916cc46a965a5ca2e9"},
    {file = "SQLAlchemy-1.4.42-cp38-cp38-macosx_10_15_x86_64.whl", hash = "sha256:3ab7c158f98de6cb4f1faab2d12973b330c2878d0c6b689a8ca424c02d66e1b3"},
    {file = "SQLAlchemy-1.4.42-cp38-cp38-manylinux_2_17_aarch64.manylinux2014_aarch64.whl", hash = "sha256:0ee377eb5c878f7cefd633ab23c09e99d97c449dd999df639600f49b74725b80"},
    {file = "SQLAlchemy-1.4.42-cp38-cp38-manylinux_2_5_x86_64.manylinux1_x86_64.manylinux_2_12_x86_64.manylinux2010_x86_64.whl", hash = "sha256:934472bb7d8666727746a75670a1f8d91a9cae8c464bba79da30a0f6faccd9e1"},
    {file = "SQLAlchemy-1.4.42-cp38-cp38-manylinux_2_5_x86_64.manylinux1_x86_64.manylinux_2_17_x86_64.manylinux2014_x86_64.whl", hash = "sha256:fdb94a3d1ba77ff2ef11912192c066f01e68416f554c194d769391638c8ad09a"},
    {file = "SQLAlchemy-1.4.42-cp38-cp38-win32.whl", hash = "sha256:f0f574465b78f29f533976c06b913e54ab4980b9931b69aa9d306afff13a9471"},
    {file = "SQLAlchemy-1.4.42-cp38-cp38-win_amd64.whl", hash = "sha256:a85723c00a636eed863adb11f1e8aaa36ad1c10089537823b4540948a8429798"},
    {file = "SQLAlchemy-1.4.42-cp39-cp39-macosx_10_15_x86_64.whl", hash = "sha256:5ce6929417d5dce5ad1d3f147db81735a4a0573b8fb36e3f95500a06eaddd93e"},
    {file = "SQLAlchemy-1.4.42-cp39-cp39-manylinux_2_17_aarch64.manylinux2014_aarch64.whl", hash = "sha256:723e3b9374c1ce1b53564c863d1a6b2f1dc4e97b1c178d9b643b191d8b1be738"},
    {file = "SQLAlchemy-1.4.42-cp39-cp39-manylinux_2_5_x86_64.manylinux1_x86_64.manylinux_2_12_x86_64.manylinux2010_x86_64.whl", hash = "sha256:876eb185911c8b95342b50a8c4435e1c625944b698a5b4a978ad2ffe74502908"},
    {file = "SQLAlchemy-1.4.42-cp39-cp39-manylinux_2_5_x86_64.manylinux1_x86_64.manylinux_2_17_x86_64.manylinux2014_x86_64.whl", hash = "sha256:2fd49af453e590884d9cdad3586415922a8e9bb669d874ee1dc55d2bc425aacd"},
    {file = "SQLAlchemy-1.4.42-cp39-cp39-win32.whl", hash = "sha256:e4ef8cb3c5b326f839bfeb6af5f406ba02ad69a78c7aac0fbeeba994ad9bb48a"},
    {file = "SQLAlchemy-1.4.42-cp39-cp39-win_amd64.whl", hash = "sha256:5f966b64c852592469a7eb759615bbd351571340b8b344f1d3fa2478b5a4c934"},
    {file = "SQLAlchemy-1.4.42.tar.gz", hash = "sha256:177e41914c476ed1e1b77fd05966ea88c094053e17a85303c4ce007f88eff363"},
]

[package.dependencies]
greenlet = {version = "!=0.4.17", markers = "python_version >= \"3\" and platform_machine == \"aarch64\" or python_version >= \"3\" and platform_machine == \"ppc64le\" or python_version >= \"3\" and platform_machine == \"x86_64\" or python_version >= \"3\" and platform_machine == \"amd64\" or python_version >= \"3\" and platform_machine == \"AMD64\" or python_version >= \"3\" and platform_machine == \"win32\" or python_version >= \"3\" and platform_machine == \"WIN32\""}

[package.extras]
aiomysql = ["aiomysql", "greenlet (!=0.4.17)"]
aiosqlite = ["aiosqlite", "greenlet (!=0.4.17)", "typing-extensions (!=3.10.0.1)"]
asyncio = ["greenlet (!=0.4.17)"]
asyncmy = ["asyncmy (>=0.2.3,!=0.2.4)", "greenlet (!=0.4.17)"]
mariadb-connector = ["mariadb (>=1.0.1,!=1.1.2)"]
mssql = ["pyodbc"]
mssql-pymssql = ["pymssql"]
mssql-pyodbc = ["pyodbc"]
mypy = ["mypy (>=0.910)", "sqlalchemy2-stubs"]
mysql = ["mysqlclient (>=1.4.0)", "mysqlclient (>=1.4.0,<2)"]
mysql-connector = ["mysql-connector-python"]
oracle = ["cx-oracle (>=7)", "cx-oracle (>=7,<8)"]
postgresql = ["psycopg2 (>=2.7)"]
postgresql-asyncpg = ["asyncpg", "greenlet (!=0.4.17)"]
postgresql-pg8000 = ["pg8000 (>=1.16.6,!=1.29.0)"]
postgresql-psycopg2binary = ["psycopg2-binary"]
postgresql-psycopg2cffi = ["psycopg2cffi"]
pymysql = ["pymysql", "pymysql (<1)"]
sqlcipher = ["sqlcipher3-binary"]

[[package]]
name = "sqlitedict"
version = "1.7.0"
description = "Persistent dict in Python, backed up by sqlite3 and pickle, multithread-safe."
category = "main"
optional = false
python-versions = "*"
files = [
    {file = "sqlitedict-1.7.0.tar.gz", hash = "sha256:2affcc301aacd4da7511692601ecbde392294205af418498f7d6d3ec0dbcad56"},
]

[[package]]
name = "threadpoolctl"
version = "3.5.0"
description = "threadpoolctl"
category = "main"
optional = false
python-versions = ">=3.8"
files = [
    {file = "threadpoolctl-3.5.0-py3-none-any.whl", hash = "sha256:56c1e26c150397e58c4926da8eeee87533b1e32bef131bd4bf6a2f45f3185467"},
    {file = "threadpoolctl-3.5.0.tar.gz", hash = "sha256:082433502dd922bf738de0d8bcc4fdcbf0979ff44c42bd40f5af8a282f6fa107"},
]

[[package]]
name = "werkzeug"
version = "3.0.3"
description = "The comprehensive WSGI web application library."
category = "main"
optional = false
python-versions = ">=3.8"
files = [
    {file = "werkzeug-3.0.3-py3-none-any.whl", hash = "sha256:fc9645dc43e03e4d630d23143a04a7f947a9a3b5727cd535fdfe155a17cc48c8"},
    {file = "werkzeug-3.0.3.tar.gz", hash = "sha256:097e5bfda9f0aba8da6b8545146def481d06aa7d3266e7448e2cccf67dd8bd18"},
]

[package.dependencies]
MarkupSafe = ">=2.1.1"

[package.extras]
watchdog = ["watchdog (>=2.3)"]

[metadata]
lock-version = "2.0"
python-versions = ">=3.10,<3.11"
content-hash = "eaf60579b793f23f1e40bdf2f7226c5baaa045032a3b39f01708477a842d88b3"
